// !$*UTF8*$!
{
	archiveVersion = 1;
	classes = {
	};
	objectVersion = 56;
	objects = {

/* Begin PBXBuildFile section */
		5C3B31B210A56A375622FDD5 /* Pods_GoogleMapsTestApp.framework in Frameworks */ = {isa = PBXBuildFile; fileRef = F3BA839BB71BA77A71184915 /* Pods_GoogleMapsTestApp.framework */; };
		AF75EA352B0927FB00662462 /* NetworkService.swift in Sources */ = {isa = PBXBuildFile; fileRef = AF75EA342B0927FB00662462 /* NetworkService.swift */; };
		AF75EA372B09287400662462 /* CoordinateModel.swift in Sources */ = {isa = PBXBuildFile; fileRef = AF75EA362B09287400662462 /* CoordinateModel.swift */; };
		AF75EA392B092C0400662462 /* MainViewModel.swift in Sources */ = {isa = PBXBuildFile; fileRef = AF75EA382B092C0400662462 /* MainViewModel.swift */; };
		AF75EA3C2B09344B00662462 /* CoordinatesAndDateModels.swift in Sources */ = {isa = PBXBuildFile; fileRef = AF75EA3B2B09344B00662462 /* CoordinatesAndDateModels.swift */; };
		AF8480902B0A80AD00162D72 /* GMSMarker extension.swift in Sources */ = {isa = PBXBuildFile; fileRef = AF84808F2B0A80AD00162D72 /* GMSMarker extension.swift */; };
		AFA819782B026F4200AB9255 /* GoogleMapsTestAppApp.swift in Sources */ = {isa = PBXBuildFile; fileRef = AFA819772B026F4200AB9255 /* GoogleMapsTestAppApp.swift */; };
		AFA8197A2B026F4200AB9255 /* MainView.swift in Sources */ = {isa = PBXBuildFile; fileRef = AFA819792B026F4200AB9255 /* MainView.swift */; };
		AFA8197C2B026F4300AB9255 /* Assets.xcassets in Resources */ = {isa = PBXBuildFile; fileRef = AFA8197B2B026F4300AB9255 /* Assets.xcassets */; };
		AFA8197F2B026F4300AB9255 /* Preview Assets.xcassets in Resources */ = {isa = PBXBuildFile; fileRef = AFA8197E2B026F4300AB9255 /* Preview Assets.xcassets */; };
		AFC415FD2B0298B6004D2E21 /* GoogleMapView.swift in Sources */ = {isa = PBXBuildFile; fileRef = AFC415FC2B0298B6004D2E21 /* GoogleMapView.swift */; };
		AFE42BDE2B03FF4D0036C35F /* ResourcesEnums.swift in Sources */ = {isa = PBXBuildFile; fileRef = AFE42BDD2B03FF4D0036C35F /* ResourcesEnums.swift */; };
		AFE42BE12B0405C00036C35F /* CustomProgressViewStyle.swift in Sources */ = {isa = PBXBuildFile; fileRef = AFE42BE02B0405C00036C35F /* CustomProgressViewStyle.swift */; };
/* End PBXBuildFile section */

/* Begin PBXFileReference section */
		7DA7084E8259AACA35621054 /* Pods-GoogleMapsTestApp.release.xcconfig */ = {isa = PBXFileReference; includeInIndex = 1; lastKnownFileType = text.xcconfig; name = "Pods-GoogleMapsTestApp.release.xcconfig"; path = "Target Support Files/Pods-GoogleMapsTestApp/Pods-GoogleMapsTestApp.release.xcconfig"; sourceTree = "<group>"; };
		9006EC58A4133EAD4EC2A275 /* Pods-GoogleMapsTestApp.debug.xcconfig */ = {isa = PBXFileReference; includeInIndex = 1; lastKnownFileType = text.xcconfig; name = "Pods-GoogleMapsTestApp.debug.xcconfig"; path = "Target Support Files/Pods-GoogleMapsTestApp/Pods-GoogleMapsTestApp.debug.xcconfig"; sourceTree = "<group>"; };
		AF75EA342B0927FB00662462 /* NetworkService.swift */ = {isa = PBXFileReference; lastKnownFileType = sourcecode.swift; path = NetworkService.swift; sourceTree = "<group>"; };
		AF75EA362B09287400662462 /* CoordinateModel.swift */ = {isa = PBXFileReference; lastKnownFileType = sourcecode.swift; path = CoordinateModel.swift; sourceTree = "<group>"; };
		AF75EA382B092C0400662462 /* MainViewModel.swift */ = {isa = PBXFileReference; lastKnownFileType = sourcecode.swift; path = MainViewModel.swift; sourceTree = "<group>"; };
		AF75EA3B2B09344B00662462 /* CoordinatesAndDateModels.swift */ = {isa = PBXFileReference; lastKnownFileType = sourcecode.swift; path = CoordinatesAndDateModels.swift; sourceTree = "<group>"; };
		AF84808F2B0A80AD00162D72 /* GMSMarker extension.swift */ = {isa = PBXFileReference; lastKnownFileType = sourcecode.swift; path = "GMSMarker extension.swift"; sourceTree = "<group>"; };
		AFA819742B026F4200AB9255 /* GoogleMapsTestApp.app */ = {isa = PBXFileReference; explicitFileType = wrapper.application; includeInIndex = 0; path = GoogleMapsTestApp.app; sourceTree = BUILT_PRODUCTS_DIR; };
		AFA819772B026F4200AB9255 /* GoogleMapsTestAppApp.swift */ = {isa = PBXFileReference; lastKnownFileType = sourcecode.swift; path = GoogleMapsTestAppApp.swift; sourceTree = "<group>"; };
		AFA819792B026F4200AB9255 /* MainView.swift */ = {isa = PBXFileReference; lastKnownFileType = sourcecode.swift; path = MainView.swift; sourceTree = "<group>"; };
		AFA8197B2B026F4300AB9255 /* Assets.xcassets */ = {isa = PBXFileReference; lastKnownFileType = folder.assetcatalog; path = Assets.xcassets; sourceTree = "<group>"; };
		AFA8197E2B026F4300AB9255 /* Preview Assets.xcassets */ = {isa = PBXFileReference; lastKnownFileType = folder.assetcatalog; path = "Preview Assets.xcassets"; sourceTree = "<group>"; };
		AFC415FC2B0298B6004D2E21 /* GoogleMapView.swift */ = {isa = PBXFileReference; lastKnownFileType = sourcecode.swift; path = GoogleMapView.swift; sourceTree = "<group>"; };
		AFE42BDD2B03FF4D0036C35F /* ResourcesEnums.swift */ = {isa = PBXFileReference; lastKnownFileType = sourcecode.swift; path = ResourcesEnums.swift; sourceTree = "<group>"; };
		AFE42BE02B0405C00036C35F /* CustomProgressViewStyle.swift */ = {isa = PBXFileReference; lastKnownFileType = sourcecode.swift; path = CustomProgressViewStyle.swift; sourceTree = "<group>"; };
		F3BA839BB71BA77A71184915 /* Pods_GoogleMapsTestApp.framework */ = {isa = PBXFileReference; explicitFileType = wrapper.framework; includeInIndex = 0; path = Pods_GoogleMapsTestApp.framework; sourceTree = BUILT_PRODUCTS_DIR; };
/* End PBXFileReference section */

/* Begin PBXFrameworksBuildPhase section */
		AFA819712B026F4200AB9255 /* Frameworks */ = {
			isa = PBXFrameworksBuildPhase;
			buildActionMask = 2147483647;
			files = (
				5C3B31B210A56A375622FDD5 /* Pods_GoogleMapsTestApp.framework in Frameworks */,
			);
			runOnlyForDeploymentPostprocessing = 0;
		};
/* End PBXFrameworksBuildPhase section */

/* Begin PBXGroup section */
		AF75EA332B09230200662462 /* Services */ = {
			isa = PBXGroup;
			children = (
				AF75EA342B0927FB00662462 /* NetworkService.swift */,
			);
			path = Services;
			sourceTree = "<group>";
		};
		AF75EA3A2B09343200662462 /* Models */ = {
			isa = PBXGroup;
			children = (
				AF75EA362B09287400662462 /* CoordinateModel.swift */,
				AF75EA3B2B09344B00662462 /* CoordinatesAndDateModels.swift */,
			);
			path = Models;
			sourceTree = "<group>";
		};
		AF84808E2B0A808F00162D72 /* Helpers */ = {
			isa = PBXGroup;
			children = (
				AF84808F2B0A80AD00162D72 /* GMSMarker extension.swift */,
			);
			path = Helpers;
			sourceTree = "<group>";
		};
		AFA8196B2B026F4200AB9255 = {
			isa = PBXGroup;
			children = (
				AFA819762B026F4200AB9255 /* GoogleMapsTestApp */,
				AFA819752B026F4200AB9255 /* Products */,
				EA459B7BBB3EA6FFDFEC1DC6 /* Pods */,
				B364A3499311C0342F0BBE3B /* Frameworks */,
			);
			sourceTree = "<group>";
		};
		AFA819752B026F4200AB9255 /* Products */ = {
			isa = PBXGroup;
			children = (
				AFA819742B026F4200AB9255 /* GoogleMapsTestApp.app */,
			);
			name = Products;
			sourceTree = "<group>";
		};
		AFA819762B026F4200AB9255 /* GoogleMapsTestApp */ = {
			isa = PBXGroup;
			children = (
				AF84808E2B0A808F00162D72 /* Helpers */,
				AF75EA3A2B09343200662462 /* Models */,
				AF75EA332B09230200662462 /* Services */,
				AFE42BDA2B03F29A0036C35F /* UserStories */,
				AFC415F92B029868004D2E21 /* Resources */,
				AFA8197D2B026F4300AB9255 /* Preview Content */,
			);
			path = GoogleMapsTestApp;
			sourceTree = "<group>";
		};
		AFA8197D2B026F4300AB9255 /* Preview Content */ = {
			isa = PBXGroup;
			children = (
				AFA8197E2B026F4300AB9255 /* Preview Assets.xcassets */,
			);
			path = "Preview Content";
			sourceTree = "<group>";
		};
		AFC415F92B029868004D2E21 /* Resources */ = {
			isa = PBXGroup;
			children = (
				AFA8197B2B026F4300AB9255 /* Assets.xcassets */,
				AFE42BDD2B03FF4D0036C35F /* ResourcesEnums.swift */,
			);
			path = Resources;
			sourceTree = "<group>";
		};
		AFC415FA2B029896004D2E21 /* GoogleMapView */ = {
			isa = PBXGroup;
			children = (
				AFC415FC2B0298B6004D2E21 /* GoogleMapView.swift */,
			);
			path = GoogleMapView;
			sourceTree = "<group>";
		};
		AFE42BDA2B03F29A0036C35F /* UserStories */ = {
			isa = PBXGroup;
			children = (
				AFA819772B026F4200AB9255 /* GoogleMapsTestAppApp.swift */,
				AFE42BDF2B0405A00036C35F /* CustomViews */,
				AFC415FA2B029896004D2E21 /* GoogleMapView */,
				AFE42BDB2B03F2AA0036C35F /* MainView */,
			);
			path = UserStories;
			sourceTree = "<group>";
		};
		AFE42BDB2B03F2AA0036C35F /* MainView */ = {
			isa = PBXGroup;
			children = (
				AFA819792B026F4200AB9255 /* MainView.swift */,
				AF75EA382B092C0400662462 /* MainViewModel.swift */,
			);
			path = MainView;
			sourceTree = "<group>";
		};
		AFE42BDF2B0405A00036C35F /* CustomViews */ = {
			isa = PBXGroup;
			children = (
				AFE42BE02B0405C00036C35F /* CustomProgressViewStyle.swift */,
			);
			path = CustomViews;
			sourceTree = "<group>";
		};
		B364A3499311C0342F0BBE3B /* Frameworks */ = {
			isa = PBXGroup;
			children = (
				F3BA839BB71BA77A71184915 /* Pods_GoogleMapsTestApp.framework */,
			);
			name = Frameworks;
			sourceTree = "<group>";
		};
		EA459B7BBB3EA6FFDFEC1DC6 /* Pods */ = {
			isa = PBXGroup;
			children = (
				9006EC58A4133EAD4EC2A275 /* Pods-GoogleMapsTestApp.debug.xcconfig */,
				7DA7084E8259AACA35621054 /* Pods-GoogleMapsTestApp.release.xcconfig */,
			);
			path = Pods;
			sourceTree = "<group>";
		};
/* End PBXGroup section */

/* Begin PBXNativeTarget section */
		AFA819732B026F4200AB9255 /* GoogleMapsTestApp */ = {
			isa = PBXNativeTarget;
			buildConfigurationList = AFA819822B026F4300AB9255 /* Build configuration list for PBXNativeTarget "GoogleMapsTestApp" */;
			buildPhases = (
				6E058ADC4EF6D2339DCE40B1 /* [CP] Check Pods Manifest.lock */,
				AFA819702B026F4200AB9255 /* Sources */,
				AFA819712B026F4200AB9255 /* Frameworks */,
				AFA819722B026F4200AB9255 /* Resources */,
				CB0E7D74C0649132B2887380 /* [CP] Copy Pods Resources */,
			);
			buildRules = (
			);
			dependencies = (
			);
			name = GoogleMapsTestApp;
			productName = GoogleMapsTestApp;
			productReference = AFA819742B026F4200AB9255 /* GoogleMapsTestApp.app */;
			productType = "com.apple.product-type.application";
		};
/* End PBXNativeTarget section */

/* Begin PBXProject section */
		AFA8196C2B026F4200AB9255 /* Project object */ = {
			isa = PBXProject;
			attributes = {
				BuildIndependentTargetsInParallel = 1;
				LastSwiftUpdateCheck = 1500;
				LastUpgradeCheck = 1500;
				TargetAttributes = {
					AFA819732B026F4200AB9255 = {
						CreatedOnToolsVersion = 15.0.1;
					};
				};
			};
			buildConfigurationList = AFA8196F2B026F4200AB9255 /* Build configuration list for PBXProject "GoogleMapsTestApp" */;
			compatibilityVersion = "Xcode 14.0";
			developmentRegion = en;
			hasScannedForEncodings = 0;
			knownRegions = (
				en,
				Base,
			);
			mainGroup = AFA8196B2B026F4200AB9255;
			productRefGroup = AFA819752B026F4200AB9255 /* Products */;
			projectDirPath = "";
			projectRoot = "";
			targets = (
				AFA819732B026F4200AB9255 /* GoogleMapsTestApp */,
			);
		};
/* End PBXProject section */

/* Begin PBXResourcesBuildPhase section */
		AFA819722B026F4200AB9255 /* Resources */ = {
			isa = PBXResourcesBuildPhase;
			buildActionMask = 2147483647;
			files = (
				AFA8197F2B026F4300AB9255 /* Preview Assets.xcassets in Resources */,
				AFA8197C2B026F4300AB9255 /* Assets.xcassets in Resources */,
			);
			runOnlyForDeploymentPostprocessing = 0;
		};
/* End PBXResourcesBuildPhase section */

/* Begin PBXShellScriptBuildPhase section */
		6E058ADC4EF6D2339DCE40B1 /* [CP] Check Pods Manifest.lock */ = {
			isa = PBXShellScriptBuildPhase;
			buildActionMask = 2147483647;
			files = (
			);
			inputFileListPaths = (
			);
			inputPaths = (
				"${PODS_PODFILE_DIR_PATH}/Podfile.lock",
				"${PODS_ROOT}/Manifest.lock",
			);
			name = "[CP] Check Pods Manifest.lock";
			outputFileListPaths = (
			);
			outputPaths = (
				"$(DERIVED_FILE_DIR)/Pods-GoogleMapsTestApp-checkManifestLockResult.txt",
			);
			runOnlyForDeploymentPostprocessing = 0;
			shellPath = /bin/sh;
			shellScript = "diff \"${PODS_PODFILE_DIR_PATH}/Podfile.lock\" \"${PODS_ROOT}/Manifest.lock\" > /dev/null\nif [ $? != 0 ] ; then\n    # print error to STDERR\n    echo \"error: The sandbox is not in sync with the Podfile.lock. Run 'pod install' or update your CocoaPods installation.\" >&2\n    exit 1\nfi\n# This output is used by Xcode 'outputs' to avoid re-running this script phase.\necho \"SUCCESS\" > \"${SCRIPT_OUTPUT_FILE_0}\"\n";
			showEnvVarsInLog = 0;
		};
		CB0E7D74C0649132B2887380 /* [CP] Copy Pods Resources */ = {
			isa = PBXShellScriptBuildPhase;
			buildActionMask = 2147483647;
			files = (
			);
			inputFileListPaths = (
				"${PODS_ROOT}/Target Support Files/Pods-GoogleMapsTestApp/Pods-GoogleMapsTestApp-resources-${CONFIGURATION}-input-files.xcfilelist",
			);
			name = "[CP] Copy Pods Resources";
			outputFileListPaths = (
				"${PODS_ROOT}/Target Support Files/Pods-GoogleMapsTestApp/Pods-GoogleMapsTestApp-resources-${CONFIGURATION}-output-files.xcfilelist",
			);
			runOnlyForDeploymentPostprocessing = 0;
			shellPath = /bin/sh;
			shellScript = "\"${PODS_ROOT}/Target Support Files/Pods-GoogleMapsTestApp/Pods-GoogleMapsTestApp-resources.sh\"\n";
			showEnvVarsInLog = 0;
		};
/* End PBXShellScriptBuildPhase section */

/* Begin PBXSourcesBuildPhase section */
		AFA819702B026F4200AB9255 /* Sources */ = {
			isa = PBXSourcesBuildPhase;
			buildActionMask = 2147483647;
			files = (
				AFC415FD2B0298B6004D2E21 /* GoogleMapView.swift in Sources */,
				AFA8197A2B026F4200AB9255 /* MainView.swift in Sources */,
				AF8480902B0A80AD00162D72 /* GMSMarker extension.swift in Sources */,
				AFE42BDE2B03FF4D0036C35F /* ResourcesEnums.swift in Sources */,
				AFA819782B026F4200AB9255 /* GoogleMapsTestAppApp.swift in Sources */,
				AF75EA352B0927FB00662462 /* NetworkService.swift in Sources */,
				AF75EA372B09287400662462 /* CoordinateModel.swift in Sources */,
				AF75EA3C2B09344B00662462 /* CoordinatesAndDateModels.swift in Sources */,
				AFE42BE12B0405C00036C35F /* CustomProgressViewStyle.swift in Sources */,
				AF75EA392B092C0400662462 /* MainViewModel.swift in Sources */,
			);
			runOnlyForDeploymentPostprocessing = 0;
		};
/* End PBXSourcesBuildPhase section */

/* Begin XCBuildConfiguration section */
		AFA819802B026F4300AB9255 /* Debug */ = {
			isa = XCBuildConfiguration;
			buildSettings = {
				ALWAYS_SEARCH_USER_PATHS = NO;
				ASSETCATALOG_COMPILER_GENERATE_SWIFT_ASSET_SYMBOL_EXTENSIONS = YES;
				CLANG_ANALYZER_NONNULL = YES;
				CLANG_ANALYZER_NUMBER_OBJECT_CONVERSION = YES_AGGRESSIVE;
				CLANG_CXX_LANGUAGE_STANDARD = "gnu++20";
				CLANG_ENABLE_MODULES = YES;
				CLANG_ENABLE_OBJC_ARC = YES;
				CLANG_ENABLE_OBJC_WEAK = YES;
				CLANG_WARN_BLOCK_CAPTURE_AUTORELEASING = YES;
				CLANG_WARN_BOOL_CONVERSION = YES;
				CLANG_WARN_COMMA = YES;
				CLANG_WARN_CONSTANT_CONVERSION = YES;
				CLANG_WARN_DEPRECATED_OBJC_IMPLEMENTATIONS = YES;
				CLANG_WARN_DIRECT_OBJC_ISA_USAGE = YES_ERROR;
				CLANG_WARN_DOCUMENTATION_COMMENTS = YES;
				CLANG_WARN_EMPTY_BODY = YES;
				CLANG_WARN_ENUM_CONVERSION = YES;
				CLANG_WARN_INFINITE_RECURSION = YES;
				CLANG_WARN_INT_CONVERSION = YES;
				CLANG_WARN_NON_LITERAL_NULL_CONVERSION = YES;
				CLANG_WARN_OBJC_IMPLICIT_RETAIN_SELF = YES;
				CLANG_WARN_OBJC_LITERAL_CONVERSION = YES;
				CLANG_WARN_OBJC_ROOT_CLASS = YES_ERROR;
				CLANG_WARN_QUOTED_INCLUDE_IN_FRAMEWORK_HEADER = YES;
				CLANG_WARN_RANGE_LOOP_ANALYSIS = YES;
				CLANG_WARN_STRICT_PROTOTYPES = YES;
				CLANG_WARN_SUSPICIOUS_MOVE = YES;
				CLANG_WARN_UNGUARDED_AVAILABILITY = YES_AGGRESSIVE;
				CLANG_WARN_UNREACHABLE_CODE = YES;
				CLANG_WARN__DUPLICATE_METHOD_MATCH = YES;
				COPY_PHASE_STRIP = NO;
				DEBUG_INFORMATION_FORMAT = dwarf;
				ENABLE_STRICT_OBJC_MSGSEND = YES;
				ENABLE_TESTABILITY = YES;
				ENABLE_USER_SCRIPT_SANDBOXING = YES;
				GCC_C_LANGUAGE_STANDARD = gnu17;
				GCC_DYNAMIC_NO_PIC = NO;
				GCC_NO_COMMON_BLOCKS = YES;
				GCC_OPTIMIZATION_LEVEL = 0;
				GCC_PREPROCESSOR_DEFINITIONS = (
					"DEBUG=1",
					"$(inherited)",
				);
				GCC_WARN_64_TO_32_BIT_CONVERSION = YES;
				GCC_WARN_ABOUT_RETURN_TYPE = YES_ERROR;
				GCC_WARN_UNDECLARED_SELECTOR = YES;
				GCC_WARN_UNINITIALIZED_AUTOS = YES_AGGRESSIVE;
				GCC_WARN_UNUSED_FUNCTION = YES;
				GCC_WARN_UNUSED_VARIABLE = YES;
				IPHONEOS_DEPLOYMENT_TARGET = 14.0;
				LOCALIZATION_PREFERS_STRING_CATALOGS = YES;
				MTL_ENABLE_DEBUG_INFO = INCLUDE_SOURCE;
				MTL_FAST_MATH = YES;
				ONLY_ACTIVE_ARCH = YES;
				SDKROOT = iphoneos;
				SWIFT_ACTIVE_COMPILATION_CONDITIONS = "DEBUG $(inherited)";
				SWIFT_OPTIMIZATION_LEVEL = "-Onone";
			};
			name = Debug;
		};
		AFA819812B026F4300AB9255 /* Release */ = {
			isa = XCBuildConfiguration;
			buildSettings = {
				ALWAYS_SEARCH_USER_PATHS = NO;
				ASSETCATALOG_COMPILER_GENERATE_SWIFT_ASSET_SYMBOL_EXTENSIONS = YES;
				CLANG_ANALYZER_NONNULL = YES;
				CLANG_ANALYZER_NUMBER_OBJECT_CONVERSION = YES_AGGRESSIVE;
				CLANG_CXX_LANGUAGE_STANDARD = "gnu++20";
				CLANG_ENABLE_MODULES = YES;
				CLANG_ENABLE_OBJC_ARC = YES;
				CLANG_ENABLE_OBJC_WEAK = YES;
				CLANG_WARN_BLOCK_CAPTURE_AUTORELEASING = YES;
				CLANG_WARN_BOOL_CONVERSION = YES;
				CLANG_WARN_COMMA = YES;
				CLANG_WARN_CONSTANT_CONVERSION = YES;
				CLANG_WARN_DEPRECATED_OBJC_IMPLEMENTATIONS = YES;
				CLANG_WARN_DIRECT_OBJC_ISA_USAGE = YES_ERROR;
				CLANG_WARN_DOCUMENTATION_COMMENTS = YES;
				CLANG_WARN_EMPTY_BODY = YES;
				CLANG_WARN_ENUM_CONVERSION = YES;
				CLANG_WARN_INFINITE_RECURSION = YES;
				CLANG_WARN_INT_CONVERSION = YES;
				CLANG_WARN_NON_LITERAL_NULL_CONVERSION = YES;
				CLANG_WARN_OBJC_IMPLICIT_RETAIN_SELF = YES;
				CLANG_WARN_OBJC_LITERAL_CONVERSION = YES;
				CLANG_WARN_OBJC_ROOT_CLASS = YES_ERROR;
				CLANG_WARN_QUOTED_INCLUDE_IN_FRAMEWORK_HEADER = YES;
				CLANG_WARN_RANGE_LOOP_ANALYSIS = YES;
				CLANG_WARN_STRICT_PROTOTYPES = YES;
				CLANG_WARN_SUSPICIOUS_MOVE = YES;
				CLANG_WARN_UNGUARDED_AVAILABILITY = YES_AGGRESSIVE;
				CLANG_WARN_UNREACHABLE_CODE = YES;
				CLANG_WARN__DUPLICATE_METHOD_MATCH = YES;
				COPY_PHASE_STRIP = NO;
				DEBUG_INFORMATION_FORMAT = "dwarf-with-dsym";
				ENABLE_NS_ASSERTIONS = NO;
				ENABLE_STRICT_OBJC_MSGSEND = YES;
				ENABLE_USER_SCRIPT_SANDBOXING = YES;
				GCC_C_LANGUAGE_STANDARD = gnu17;
				GCC_NO_COMMON_BLOCKS = YES;
				GCC_WARN_64_TO_32_BIT_CONVERSION = YES;
				GCC_WARN_ABOUT_RETURN_TYPE = YES_ERROR;
				GCC_WARN_UNDECLARED_SELECTOR = YES;
				GCC_WARN_UNINITIALIZED_AUTOS = YES_AGGRESSIVE;
				GCC_WARN_UNUSED_FUNCTION = YES;
				GCC_WARN_UNUSED_VARIABLE = YES;
				IPHONEOS_DEPLOYMENT_TARGET = 14.0;
				LOCALIZATION_PREFERS_STRING_CATALOGS = YES;
				MTL_ENABLE_DEBUG_INFO = NO;
				MTL_FAST_MATH = YES;
				SDKROOT = iphoneos;
				SWIFT_COMPILATION_MODE = wholemodule;
				VALIDATE_PRODUCT = YES;
			};
			name = Release;
		};
		AFA819832B026F4300AB9255 /* Debug */ = {
			isa = XCBuildConfiguration;
			baseConfigurationReference = 9006EC58A4133EAD4EC2A275 /* Pods-GoogleMapsTestApp.debug.xcconfig */;
			buildSettings = {
				ASSETCATALOG_COMPILER_APPICON_NAME = AppIcon;
				ASSETCATALOG_COMPILER_GLOBAL_ACCENT_COLOR_NAME = AccentColor;
				CODE_SIGN_STYLE = Automatic;
				CURRENT_PROJECT_VERSION = 1;
				DEVELOPMENT_ASSET_PATHS = "\"GoogleMapsTestApp/Preview Content\"";
				DEVELOPMENT_TEAM = ZU4J9YA52M;
				ENABLE_PREVIEWS = YES;
				ENABLE_TESTABILITY = NO;
				ENABLE_USER_SCRIPT_SANDBOXING = NO;
				GENERATE_INFOPLIST_FILE = YES;
				INFOPLIST_FILE = GoogleMapsTestApp/Info.plist;
				INFOPLIST_KEY_UIApplicationSceneManifest_Generation = YES;
				INFOPLIST_KEY_UIApplicationSupportsIndirectInputEvents = YES;
				INFOPLIST_KEY_UISupportedInterfaceOrientations_iPad = "UIInterfaceOrientationPortrait UIInterfaceOrientationPortraitUpsideDown UIInterfaceOrientationLandscapeLeft UIInterfaceOrientationLandscapeRight";
				INFOPLIST_KEY_UISupportedInterfaceOrientations_iPhone = "UIInterfaceOrientationPortrait UIInterfaceOrientationLandscapeLeft UIInterfaceOrientationLandscapeRight";
				LD_RUNPATH_SEARCH_PATHS = (
					"$(inherited)",
					"@executable_path/Frameworks",
				);
				MARKETING_VERSION = 1.0;
				PRODUCT_BUNDLE_IDENTIFIER = Personal.GoogleMapsTestApp;
				PRODUCT_NAME = "$(TARGET_NAME)";
				SWIFT_EMIT_LOC_STRINGS = YES;
				SWIFT_VERSION = 5.0;
				TARGETED_DEVICE_FAMILY = "1,2";
			};
			name = Debug;
		};
		AFA819842B026F4300AB9255 /* Release */ = {
			isa = XCBuildConfiguration;
			baseConfigurationReference = 7DA7084E8259AACA35621054 /* Pods-GoogleMapsTestApp.release.xcconfig */;
			buildSettings = {
				ASSETCATALOG_COMPILER_APPICON_NAME = AppIcon;
				ASSETCATALOG_COMPILER_GLOBAL_ACCENT_COLOR_NAME = AccentColor;
				CODE_SIGN_STYLE = Automatic;
				CURRENT_PROJECT_VERSION = 1;
				DEVELOPMENT_ASSET_PATHS = "\"GoogleMapsTestApp/Preview Content\"";
				DEVELOPMENT_TEAM = ZU4J9YA52M;
				ENABLE_PREVIEWS = YES;
				ENABLE_USER_SCRIPT_SANDBOXING = NO;
				GENERATE_INFOPLIST_FILE = YES;
				INFOPLIST_FILE = GoogleMapsTestApp/Info.plist;
				INFOPLIST_KEY_UIApplicationSceneManifest_Generation = YES;
				INFOPLIST_KEY_UIApplicationSupportsIndirectInputEvents = YES;
				INFOPLIST_KEY_UISupportedInterfaceOrientations_iPad = "UIInterfaceOrientationPortrait UIInterfaceOrientationPortraitUpsideDown UIInterfaceOrientationLandscapeLeft UIInterfaceOrientationLandscapeRight";
				INFOPLIST_KEY_UISupportedInterfaceOrientations_iPhone = "UIInterfaceOrientationPortrait UIInterfaceOrientationLandscapeLeft UIInterfaceOrientationLandscapeRight";
				LD_RUNPATH_SEARCH_PATHS = (
					"$(inherited)",
					"@executable_path/Frameworks",
				);
				MARKETING_VERSION = 1.0;
				PRODUCT_BUNDLE_IDENTIFIER = Personal.GoogleMapsTestApp;
				PRODUCT_NAME = "$(TARGET_NAME)";
				SWIFT_EMIT_LOC_STRINGS = YES;
				SWIFT_VERSION = 5.0;
				TARGETED_DEVICE_FAMILY = "1,2";
			};
			name = Release;
		};
/* End XCBuildConfiguration section */

/* Begin XCConfigurationList section */
		AFA8196F2B026F4200AB9255 /* Build configuration list for PBXProject "GoogleMapsTestApp" */ = {
			isa = XCConfigurationList;
			buildConfigurations = (
				AFA819802B026F4300AB9255 /* Debug */,
				AFA819812B026F4300AB9255 /* Release */,
			);
			defaultConfigurationIsVisible = 0;
			defaultConfigurationName = Release;
		};
		AFA819822B026F4300AB9255 /* Build configuration list for PBXNativeTarget "GoogleMapsTestApp" */ = {
			isa = XCConfigurationList;
			buildConfigurations = (
				AFA819832B026F4300AB9255 /* Debug */,
				AFA819842B026F4300AB9255 /* Release */,
			);
			defaultConfigurationIsVisible = 0;
			defaultConfigurationName = Release;
		};
/* End XCConfigurationList section */
	};
	rootObject = AFA8196C2B026F4200AB9255 /* Project object */;
}
